// !$*UTF8*$!
{
	archiveVersion = 1;
	classes = {
	};
	objectVersion = 50;
	objects = {

/* Begin PBXBuildFile section */
		480F51582596395F00F36F16 /* AppDelegate.swift in Sources */ = {isa = PBXBuildFile; fileRef = 480F51572596395F00F36F16 /* AppDelegate.swift */; };
		480F515A2596395F00F36F16 /* SceneDelegate.swift in Sources */ = {isa = PBXBuildFile; fileRef = 480F51592596395F00F36F16 /* SceneDelegate.swift */; };
		480F51612596396C00F36F16 /* Assets.xcassets in Resources */ = {isa = PBXBuildFile; fileRef = 480F51602596396C00F36F16 /* Assets.xcassets */; };
		480F51642596396C00F36F16 /* LaunchScreen.storyboard in Resources */ = {isa = PBXBuildFile; fileRef = 480F51622596396C00F36F16 /* LaunchScreen.storyboard */; };
		480F516F2596396C00F36F16 /* CatsTests.swift in Sources */ = {isa = PBXBuildFile; fileRef = 480F516E2596396C00F36F16 /* CatsTests.swift */; };
		480F517A2596396C00F36F16 /* CatsUITests.swift in Sources */ = {isa = PBXBuildFile; fileRef = 480F51792596396C00F36F16 /* CatsUITests.swift */; };
		480F5191259642CB00F36F16 /* CatsSearchViewController.swift in Sources */ = {isa = PBXBuildFile; fileRef = 480F5190259642CB00F36F16 /* CatsSearchViewController.swift */; };
		480F51A52596486100F36F16 /* UIHelper.swift in Sources */ = {isa = PBXBuildFile; fileRef = 480F51A42596486100F36F16 /* UIHelper.swift */; };
		480F51AE2596497800F36F16 /* CatCell.swift in Sources */ = {isa = PBXBuildFile; fileRef = 480F51AD2596497800F36F16 /* CatCell.swift */; };
		480F51B725964A0000F36F16 /* CatImageView.swift in Sources */ = {isa = PBXBuildFile; fileRef = 480F51B625964A0000F36F16 /* CatImageView.swift */; };
		480F51BC25964A4B00F36F16 /* Constants.swift in Sources */ = {isa = PBXBuildFile; fileRef = 480F51BB25964A4B00F36F16 /* Constants.swift */; };
		480F51C525964B8300F36F16 /* CatNameLabel.swift in Sources */ = {isa = PBXBuildFile; fileRef = 480F51C425964B8300F36F16 /* CatNameLabel.swift */; };
		480F51CE25964C3200F36F16 /* UIView.swift in Sources */ = {isa = PBXBuildFile; fileRef = 480F51CD25964C3200F36F16 /* UIView.swift */; };
		486AFAC4259A12D400298716 /* NetworkManager.swift in Sources */ = {isa = PBXBuildFile; fileRef = 486AFAC3259A12D400298716 /* NetworkManager.swift */; };
		486AFAC9259A136900298716 /* CatsError.swift in Sources */ = {isa = PBXBuildFile; fileRef = 486AFAC8259A136900298716 /* CatsError.swift */; };
		486AFACF259A169400298716 /* CatsDataLoadingViewController.swift in Sources */ = {isa = PBXBuildFile; fileRef = 486AFACE259A169400298716 /* CatsDataLoadingViewController.swift */; };
		486AFAD7259A171400298716 /* UIViewController.swift in Sources */ = {isa = PBXBuildFile; fileRef = 486AFAD6259A171400298716 /* UIViewController.swift */; };
		486AFADF259A25DC00298716 /* Main.storyboard in Resources */ = {isa = PBXBuildFile; fileRef = 486AFADE259A25DC00298716 /* Main.storyboard */; };
		486AFAE8259A2BB800298716 /* CatDetailViewController.swift in Sources */ = {isa = PBXBuildFile; fileRef = 486AFAE7259A2BB800298716 /* CatDetailViewController.swift */; };
		488160F72596556200EA1A37 /* Cats.swift in Sources */ = {isa = PBXBuildFile; fileRef = 488160F62596556200EA1A37 /* Cats.swift */; };
/* End PBXBuildFile section */

/* Begin PBXContainerItemProxy section */
		480F516B2596396C00F36F16 /* PBXContainerItemProxy */ = {
			isa = PBXContainerItemProxy;
			containerPortal = 480F514C2596395F00F36F16 /* Project object */;
			proxyType = 1;
			remoteGlobalIDString = 480F51532596395F00F36F16;
			remoteInfo = Cats;
		};
		480F51762596396C00F36F16 /* PBXContainerItemProxy */ = {
			isa = PBXContainerItemProxy;
			containerPortal = 480F514C2596395F00F36F16 /* Project object */;
			proxyType = 1;
			remoteGlobalIDString = 480F51532596395F00F36F16;
			remoteInfo = Cats;
		};
/* End PBXContainerItemProxy section */

/* Begin PBXFileReference section */
		480F51542596395F00F36F16 /* Cats.app */ = {isa = PBXFileReference; explicitFileType = wrapper.application; includeInIndex = 0; path = Cats.app; sourceTree = BUILT_PRODUCTS_DIR; };
		480F51572596395F00F36F16 /* AppDelegate.swift */ = {isa = PBXFileReference; lastKnownFileType = sourcecode.swift; path = AppDelegate.swift; sourceTree = "<group>"; };
		480F51592596395F00F36F16 /* SceneDelegate.swift */ = {isa = PBXFileReference; lastKnownFileType = sourcecode.swift; path = SceneDelegate.swift; sourceTree = "<group>"; };
		480F51602596396C00F36F16 /* Assets.xcassets */ = {isa = PBXFileReference; lastKnownFileType = folder.assetcatalog; path = Assets.xcassets; sourceTree = "<group>"; };
		480F51632596396C00F36F16 /* Base */ = {isa = PBXFileReference; lastKnownFileType = file.storyboard; name = Base; path = Base.lproj/LaunchScreen.storyboard; sourceTree = "<group>"; };
		480F51652596396C00F36F16 /* Info.plist */ = {isa = PBXFileReference; lastKnownFileType = text.plist.xml; path = Info.plist; sourceTree = "<group>"; };
		480F516A2596396C00F36F16 /* CatsTests.xctest */ = {isa = PBXFileReference; explicitFileType = wrapper.cfbundle; includeInIndex = 0; path = CatsTests.xctest; sourceTree = BUILT_PRODUCTS_DIR; };
		480F516E2596396C00F36F16 /* CatsTests.swift */ = {isa = PBXFileReference; lastKnownFileType = sourcecode.swift; path = CatsTests.swift; sourceTree = "<group>"; };
		480F51702596396C00F36F16 /* Info.plist */ = {isa = PBXFileReference; lastKnownFileType = text.plist.xml; path = Info.plist; sourceTree = "<group>"; };
		480F51752596396C00F36F16 /* CatsUITests.xctest */ = {isa = PBXFileReference; explicitFileType = wrapper.cfbundle; includeInIndex = 0; path = CatsUITests.xctest; sourceTree = BUILT_PRODUCTS_DIR; };
		480F51792596396C00F36F16 /* CatsUITests.swift */ = {isa = PBXFileReference; lastKnownFileType = sourcecode.swift; path = CatsUITests.swift; sourceTree = "<group>"; };
		480F517B2596396C00F36F16 /* Info.plist */ = {isa = PBXFileReference; lastKnownFileType = text.plist.xml; path = Info.plist; sourceTree = "<group>"; };
		480F5190259642CB00F36F16 /* CatsSearchViewController.swift */ = {isa = PBXFileReference; lastKnownFileType = sourcecode.swift; path = CatsSearchViewController.swift; sourceTree = "<group>"; };
		480F51A42596486100F36F16 /* UIHelper.swift */ = {isa = PBXFileReference; fileEncoding = 4; lastKnownFileType = sourcecode.swift; path = UIHelper.swift; sourceTree = "<group>"; };
		480F51AD2596497800F36F16 /* CatCell.swift */ = {isa = PBXFileReference; lastKnownFileType = sourcecode.swift; path = CatCell.swift; sourceTree = "<group>"; };
		480F51B625964A0000F36F16 /* CatImageView.swift */ = {isa = PBXFileReference; lastKnownFileType = sourcecode.swift; path = CatImageView.swift; sourceTree = "<group>"; };
		480F51BB25964A4B00F36F16 /* Constants.swift */ = {isa = PBXFileReference; lastKnownFileType = sourcecode.swift; path = Constants.swift; sourceTree = "<group>"; };
		480F51C425964B8300F36F16 /* CatNameLabel.swift */ = {isa = PBXFileReference; lastKnownFileType = sourcecode.swift; path = CatNameLabel.swift; sourceTree = "<group>"; };
		480F51CD25964C3200F36F16 /* UIView.swift */ = {isa = PBXFileReference; lastKnownFileType = sourcecode.swift; path = UIView.swift; sourceTree = "<group>"; };
		486AFAC3259A12D400298716 /* NetworkManager.swift */ = {isa = PBXFileReference; lastKnownFileType = sourcecode.swift; path = NetworkManager.swift; sourceTree = "<group>"; };
		486AFAC8259A136900298716 /* CatsError.swift */ = {isa = PBXFileReference; lastKnownFileType = sourcecode.swift; path = CatsError.swift; sourceTree = "<group>"; };
		486AFACE259A169400298716 /* CatsDataLoadingViewController.swift */ = {isa = PBXFileReference; lastKnownFileType = sourcecode.swift; path = CatsDataLoadingViewController.swift; sourceTree = "<group>"; };
		486AFAD6259A171400298716 /* UIViewController.swift */ = {isa = PBXFileReference; lastKnownFileType = sourcecode.swift; path = UIViewController.swift; sourceTree = "<group>"; };
		486AFADE259A25DC00298716 /* Main.storyboard */ = {isa = PBXFileReference; lastKnownFileType = file.storyboard; path = Main.storyboard; sourceTree = "<group>"; };
		486AFAE7259A2BB800298716 /* CatDetailViewController.swift */ = {isa = PBXFileReference; lastKnownFileType = sourcecode.swift; path = CatDetailViewController.swift; sourceTree = "<group>"; };
		488160F62596556200EA1A37 /* Cats.swift */ = {isa = PBXFileReference; lastKnownFileType = sourcecode.swift; path = Cats.swift; sourceTree = "<group>"; };
/* End PBXFileReference section */

/* Begin PBXFrameworksBuildPhase section */
		480F51512596395F00F36F16 /* Frameworks */ = {
			isa = PBXFrameworksBuildPhase;
			buildActionMask = 2147483647;
			files = (
			);
			runOnlyForDeploymentPostprocessing = 0;
		};
		480F51672596396C00F36F16 /* Frameworks */ = {
			isa = PBXFrameworksBuildPhase;
			buildActionMask = 2147483647;
			files = (
			);
			runOnlyForDeploymentPostprocessing = 0;
		};
		480F51722596396C00F36F16 /* Frameworks */ = {
			isa = PBXFrameworksBuildPhase;
			buildActionMask = 2147483647;
			files = (
			);
			runOnlyForDeploymentPostprocessing = 0;
		};
/* End PBXFrameworksBuildPhase section */

/* Begin PBXGroup section */
		480F514B2596395F00F36F16 = {
			isa = PBXGroup;
			children = (
				480F51562596395F00F36F16 /* Cats */,
				480F516D2596396C00F36F16 /* CatsTests */,
				480F51782596396C00F36F16 /* CatsUITests */,
				480F51552596395F00F36F16 /* Products */,
			);
			sourceTree = "<group>";
		};
		480F51552596395F00F36F16 /* Products */ = {
			isa = PBXGroup;
			children = (
				480F51542596395F00F36F16 /* Cats.app */,
				480F516A2596396C00F36F16 /* CatsTests.xctest */,
				480F51752596396C00F36F16 /* CatsUITests.xctest */,
			);
			name = Products;
			sourceTree = "<group>";
		};
		480F51562596395F00F36F16 /* Cats */ = {
			isa = PBXGroup;
			children = (
				480F51A92596490200F36F16 /* Utilities */,
				480F51CC25964C1C00F36F16 /* Extensions */,
				486AFAC2259A12B600298716 /* Managers */,
				488160F22596554100EA1A37 /* Model */,
				480F51AB2596493F00F36F16 /* Custom Views */,
				480F51AA2596490C00F36F16 /* Controllers */,
				480F51572596395F00F36F16 /* AppDelegate.swift */,
				480F51592596395F00F36F16 /* SceneDelegate.swift */,
				480F51602596396C00F36F16 /* Assets.xcassets */,
				480F51622596396C00F36F16 /* LaunchScreen.storyboard */,
				480F51652596396C00F36F16 /* Info.plist */,
			);
			path = Cats;
			sourceTree = "<group>";
		};
		480F516D2596396C00F36F16 /* CatsTests */ = {
			isa = PBXGroup;
			children = (
				480F516E2596396C00F36F16 /* CatsTests.swift */,
				480F51702596396C00F36F16 /* Info.plist */,
			);
			path = CatsTests;
			sourceTree = "<group>";
		};
		480F51782596396C00F36F16 /* CatsUITests */ = {
			isa = PBXGroup;
			children = (
				480F51792596396C00F36F16 /* CatsUITests.swift */,
				480F517B2596396C00F36F16 /* Info.plist */,
			);
			path = CatsUITests;
			sourceTree = "<group>";
		};
		480F51A92596490200F36F16 /* Utilities */ = {
			isa = PBXGroup;
			children = (
				480F51A42596486100F36F16 /* UIHelper.swift */,
				480F51BB25964A4B00F36F16 /* Constants.swift */,
				486AFAC8259A136900298716 /* CatsError.swift */,
			);
			path = Utilities;
			sourceTree = "<group>";
		};
		480F51AA2596490C00F36F16 /* Controllers */ = {
			isa = PBXGroup;
			children = (
				480F5190259642CB00F36F16 /* CatsSearchViewController.swift */,
				486AFAE7259A2BB800298716 /* CatDetailViewController.swift */,
			);
			path = Controllers;
			sourceTree = "<group>";
		};
		480F51AB2596493F00F36F16 /* Custom Views */ = {
			isa = PBXGroup;
			children = (
				486AFAE3259A265400298716 /* Storyboards */,
				486AFACD259A166D00298716 /* ViewControllers */,
				480F51C325964B6C00F36F16 /* Labels */,
				480F51B5259649E700F36F16 /* ImageViews */,
				480F51AC2596494700F36F16 /* Cells */,
			);
			path = "Custom Views";
			sourceTree = "<group>";
		};
		480F51AC2596494700F36F16 /* Cells */ = {
			isa = PBXGroup;
			children = (
				480F51AD2596497800F36F16 /* CatCell.swift */,
			);
			path = Cells;
			sourceTree = "<group>";
		};
		480F51B5259649E700F36F16 /* ImageViews */ = {
			isa = PBXGroup;
			children = (
				480F51B625964A0000F36F16 /* CatImageView.swift */,
			);
			path = ImageViews;
			sourceTree = "<group>";
		};
		480F51C325964B6C00F36F16 /* Labels */ = {
			isa = PBXGroup;
			children = (
				480F51C425964B8300F36F16 /* CatNameLabel.swift */,
			);
			path = Labels;
			sourceTree = "<group>";
		};
		480F51CC25964C1C00F36F16 /* Extensions */ = {
			isa = PBXGroup;
			children = (
				480F51CD25964C3200F36F16 /* UIView.swift */,
				486AFAD6259A171400298716 /* UIViewController.swift */,
			);
			path = Extensions;
			sourceTree = "<group>";
		};
		486AFAC2259A12B600298716 /* Managers */ = {
			isa = PBXGroup;
			children = (
				486AFAC3259A12D400298716 /* NetworkManager.swift */,
			);
			path = Managers;
			sourceTree = "<group>";
		};
		486AFACD259A166D00298716 /* ViewControllers */ = {
			isa = PBXGroup;
			children = (
				486AFACE259A169400298716 /* CatsDataLoadingViewController.swift */,
			);
			path = ViewControllers;
			sourceTree = "<group>";
		};
		486AFAE3259A265400298716 /* Storyboards */ = {
			isa = PBXGroup;
			children = (
				486AFADE259A25DC00298716 /* Main.storyboard */,
			);
			path = Storyboards;
			sourceTree = "<group>";
		};
		488160F22596554100EA1A37 /* Model */ = {
			isa = PBXGroup;
			children = (
				488160F62596556200EA1A37 /* Cats.swift */,
			);
			path = Model;
			sourceTree = "<group>";
		};
/* End PBXGroup section */

/* Begin PBXNativeTarget section */
		480F51532596395F00F36F16 /* Cats */ = {
			isa = PBXNativeTarget;
			buildConfigurationList = 480F517E2596396D00F36F16 /* Build configuration list for PBXNativeTarget "Cats" */;
			buildPhases = (
				480F51502596395F00F36F16 /* Sources */,
				480F51512596395F00F36F16 /* Frameworks */,
				480F51522596395F00F36F16 /* Resources */,
			);
			buildRules = (
			);
			dependencies = (
			);
			name = Cats;
			productName = Cats;
			productReference = 480F51542596395F00F36F16 /* Cats.app */;
			productType = "com.apple.product-type.application";
		};
		480F51692596396C00F36F16 /* CatsTests */ = {
			isa = PBXNativeTarget;
			buildConfigurationList = 480F51812596396D00F36F16 /* Build configuration list for PBXNativeTarget "CatsTests" */;
			buildPhases = (
				480F51662596396C00F36F16 /* Sources */,
				480F51672596396C00F36F16 /* Frameworks */,
				480F51682596396C00F36F16 /* Resources */,
			);
			buildRules = (
			);
			dependencies = (
				480F516C2596396C00F36F16 /* PBXTargetDependency */,
			);
			name = CatsTests;
			productName = CatsTests;
			productReference = 480F516A2596396C00F36F16 /* CatsTests.xctest */;
			productType = "com.apple.product-type.bundle.unit-test";
		};
		480F51742596396C00F36F16 /* CatsUITests */ = {
			isa = PBXNativeTarget;
			buildConfigurationList = 480F51842596396D00F36F16 /* Build configuration list for PBXNativeTarget "CatsUITests" */;
			buildPhases = (
				480F51712596396C00F36F16 /* Sources */,
				480F51722596396C00F36F16 /* Frameworks */,
				480F51732596396C00F36F16 /* Resources */,
			);
			buildRules = (
			);
			dependencies = (
				480F51772596396C00F36F16 /* PBXTargetDependency */,
			);
			name = CatsUITests;
			productName = CatsUITests;
			productReference = 480F51752596396C00F36F16 /* CatsUITests.xctest */;
			productType = "com.apple.product-type.bundle.ui-testing";
		};
/* End PBXNativeTarget section */

/* Begin PBXProject section */
		480F514C2596395F00F36F16 /* Project object */ = {
			isa = PBXProject;
			attributes = {
				LastSwiftUpdateCheck = 1230;
				LastUpgradeCheck = 1230;
				TargetAttributes = {
					480F51532596395F00F36F16 = {
						CreatedOnToolsVersion = 12.3;
					};
					480F51692596396C00F36F16 = {
						CreatedOnToolsVersion = 12.3;
						TestTargetID = 480F51532596395F00F36F16;
					};
					480F51742596396C00F36F16 = {
						CreatedOnToolsVersion = 12.3;
						TestTargetID = 480F51532596395F00F36F16;
					};
				};
			};
			buildConfigurationList = 480F514F2596395F00F36F16 /* Build configuration list for PBXProject "Cats" */;
			compatibilityVersion = "Xcode 9.3";
			developmentRegion = en;
			hasScannedForEncodings = 0;
			knownRegions = (
				en,
				Base,
			);
			mainGroup = 480F514B2596395F00F36F16;
			productRefGroup = 480F51552596395F00F36F16 /* Products */;
			projectDirPath = "";
			projectRoot = "";
			targets = (
				480F51532596395F00F36F16 /* Cats */,
				480F51692596396C00F36F16 /* CatsTests */,
				480F51742596396C00F36F16 /* CatsUITests */,
			);
		};
/* End PBXProject section */

/* Begin PBXResourcesBuildPhase section */
		480F51522596395F00F36F16 /* Resources */ = {
			isa = PBXResourcesBuildPhase;
			buildActionMask = 2147483647;
			files = (
				486AFADF259A25DC00298716 /* Main.storyboard in Resources */,
				480F51642596396C00F36F16 /* LaunchScreen.storyboard in Resources */,
				480F51612596396C00F36F16 /* Assets.xcassets in Resources */,
			);
			runOnlyForDeploymentPostprocessing = 0;
		};
		480F51682596396C00F36F16 /* Resources */ = {
			isa = PBXResourcesBuildPhase;
			buildActionMask = 2147483647;
			files = (
			);
			runOnlyForDeploymentPostprocessing = 0;
		};
		480F51732596396C00F36F16 /* Resources */ = {
			isa = PBXResourcesBuildPhase;
			buildActionMask = 2147483647;
			files = (
			);
			runOnlyForDeploymentPostprocessing = 0;
		};
/* End PBXResourcesBuildPhase section */

/* Begin PBXSourcesBuildPhase section */
		480F51502596395F00F36F16 /* Sources */ = {
			isa = PBXSourcesBuildPhase;
			buildActionMask = 2147483647;
			files = (
				486AFAD7259A171400298716 /* UIViewController.swift in Sources */,
				480F51582596395F00F36F16 /* AppDelegate.swift in Sources */,
				486AFAE8259A2BB800298716 /* CatDetailViewController.swift in Sources */,
				480F51AE2596497800F36F16 /* CatCell.swift in Sources */,
				488160F72596556200EA1A37 /* Cats.swift in Sources */,
				480F5191259642CB00F36F16 /* CatsSearchViewController.swift in Sources */,
				486AFAC4259A12D400298716 /* NetworkManager.swift in Sources */,
				480F515A2596395F00F36F16 /* SceneDelegate.swift in Sources */,
				480F51BC25964A4B00F36F16 /* Constants.swift in Sources */,
				480F51A52596486100F36F16 /* UIHelper.swift in Sources */,
				480F51C525964B8300F36F16 /* CatNameLabel.swift in Sources */,
				486AFACF259A169400298716 /* CatsDataLoadingViewController.swift in Sources */,
				480F51CE25964C3200F36F16 /* UIView.swift in Sources */,
				480F51B725964A0000F36F16 /* CatImageView.swift in Sources */,
				486AFAC9259A136900298716 /* CatsError.swift in Sources */,
			);
			runOnlyForDeploymentPostprocessing = 0;
		};
		480F51662596396C00F36F16 /* Sources */ = {
			isa = PBXSourcesBuildPhase;
			buildActionMask = 2147483647;
			files = (
				480F516F2596396C00F36F16 /* CatsTests.swift in Sources */,
			);
			runOnlyForDeploymentPostprocessing = 0;
		};
		480F51712596396C00F36F16 /* Sources */ = {
			isa = PBXSourcesBuildPhase;
			buildActionMask = 2147483647;
			files = (
				480F517A2596396C00F36F16 /* CatsUITests.swift in Sources */,
			);
			runOnlyForDeploymentPostprocessing = 0;
		};
/* End PBXSourcesBuildPhase section */

/* Begin PBXTargetDependency section */
		480F516C2596396C00F36F16 /* PBXTargetDependency */ = {
			isa = PBXTargetDependency;
			target = 480F51532596395F00F36F16 /* Cats */;
			targetProxy = 480F516B2596396C00F36F16 /* PBXContainerItemProxy */;
		};
		480F51772596396C00F36F16 /* PBXTargetDependency */ = {
			isa = PBXTargetDependency;
			target = 480F51532596395F00F36F16 /* Cats */;
			targetProxy = 480F51762596396C00F36F16 /* PBXContainerItemProxy */;
		};
/* End PBXTargetDependency section */

/* Begin PBXVariantGroup section */
		480F51622596396C00F36F16 /* LaunchScreen.storyboard */ = {
			isa = PBXVariantGroup;
			children = (
				480F51632596396C00F36F16 /* Base */,
			);
			name = LaunchScreen.storyboard;
			sourceTree = "<group>";
		};
/* End PBXVariantGroup section */

/* Begin XCBuildConfiguration section */
		480F517C2596396D00F36F16 /* Debug */ = {
			isa = XCBuildConfiguration;
			buildSettings = {
				ALWAYS_SEARCH_USER_PATHS = NO;
				CLANG_ANALYZER_NONNULL = YES;
				CLANG_ANALYZER_NUMBER_OBJECT_CONVERSION = YES_AGGRESSIVE;
				CLANG_CXX_LANGUAGE_STANDARD = "gnu++14";
				CLANG_CXX_LIBRARY = "libc++";
				CLANG_ENABLE_MODULES = YES;
				CLANG_ENABLE_OBJC_ARC = YES;
				CLANG_ENABLE_OBJC_WEAK = YES;
				CLANG_WARN_BLOCK_CAPTURE_AUTORELEASING = YES;
				CLANG_WARN_BOOL_CONVERSION = YES;
				CLANG_WARN_COMMA = YES;
				CLANG_WARN_CONSTANT_CONVERSION = YES;
				CLANG_WARN_DEPRECATED_OBJC_IMPLEMENTATIONS = YES;
				CLANG_WARN_DIRECT_OBJC_ISA_USAGE = YES_ERROR;
				CLANG_WARN_DOCUMENTATION_COMMENTS = YES;
				CLANG_WARN_EMPTY_BODY = YES;
				CLANG_WARN_ENUM_CONVERSION = YES;
				CLANG_WARN_INFINITE_RECURSION = YES;
				CLANG_WARN_INT_CONVERSION = YES;
				CLANG_WARN_NON_LITERAL_NULL_CONVERSION = YES;
				CLANG_WARN_OBJC_IMPLICIT_RETAIN_SELF = YES;
				CLANG_WARN_OBJC_LITERAL_CONVERSION = YES;
				CLANG_WARN_OBJC_ROOT_CLASS = YES_ERROR;
				CLANG_WARN_QUOTED_INCLUDE_IN_FRAMEWORK_HEADER = YES;
				CLANG_WARN_RANGE_LOOP_ANALYSIS = YES;
				CLANG_WARN_STRICT_PROTOTYPES = YES;
				CLANG_WARN_SUSPICIOUS_MOVE = YES;
				CLANG_WARN_UNGUARDED_AVAILABILITY = YES_AGGRESSIVE;
				CLANG_WARN_UNREACHABLE_CODE = YES;
				CLANG_WARN__DUPLICATE_METHOD_MATCH = YES;
				COPY_PHASE_STRIP = NO;
				DEBUG_INFORMATION_FORMAT = dwarf;
				ENABLE_STRICT_OBJC_MSGSEND = YES;
				ENABLE_TESTABILITY = YES;
				GCC_C_LANGUAGE_STANDARD = gnu11;
				GCC_DYNAMIC_NO_PIC = NO;
				GCC_NO_COMMON_BLOCKS = YES;
				GCC_OPTIMIZATION_LEVEL = 0;
				GCC_PREPROCESSOR_DEFINITIONS = (
					"DEBUG=1",
					"$(inherited)",
				);
				GCC_WARN_64_TO_32_BIT_CONVERSION = YES;
				GCC_WARN_ABOUT_RETURN_TYPE = YES_ERROR;
				GCC_WARN_UNDECLARED_SELECTOR = YES;
				GCC_WARN_UNINITIALIZED_AUTOS = YES_AGGRESSIVE;
				GCC_WARN_UNUSED_FUNCTION = YES;
				GCC_WARN_UNUSED_VARIABLE = YES;
				IPHONEOS_DEPLOYMENT_TARGET = 13.0;
				MTL_ENABLE_DEBUG_INFO = INCLUDE_SOURCE;
				MTL_FAST_MATH = YES;
				ONLY_ACTIVE_ARCH = YES;
				SDKROOT = iphoneos;
				SWIFT_ACTIVE_COMPILATION_CONDITIONS = DEBUG;
				SWIFT_OPTIMIZATION_LEVEL = "-Onone";
			};
			name = Debug;
		};
		480F517D2596396D00F36F16 /* Release */ = {
			isa = XCBuildConfiguration;
			buildSettings = {
				ALWAYS_SEARCH_USER_PATHS = NO;
				CLANG_ANALYZER_NONNULL = YES;
				CLANG_ANALYZER_NUMBER_OBJECT_CONVERSION = YES_AGGRESSIVE;
				CLANG_CXX_LANGUAGE_STANDARD = "gnu++14";
				CLANG_CXX_LIBRARY = "libc++";
				CLANG_ENABLE_MODULES = YES;
				CLANG_ENABLE_OBJC_ARC = YES;
				CLANG_ENABLE_OBJC_WEAK = YES;
				CLANG_WARN_BLOCK_CAPTURE_AUTORELEASING = YES;
				CLANG_WARN_BOOL_CONVERSION = YES;
				CLANG_WARN_COMMA = YES;
				CLANG_WARN_CONSTANT_CONVERSION = YES;
				CLANG_WARN_DEPRECATED_OBJC_IMPLEMENTATIONS = YES;
				CLANG_WARN_DIRECT_OBJC_ISA_USAGE = YES_ERROR;
				CLANG_WARN_DOCUMENTATION_COMMENTS = YES;
				CLANG_WARN_EMPTY_BODY = YES;
				CLANG_WARN_ENUM_CONVERSION = YES;
				CLANG_WARN_INFINITE_RECURSION = YES;
				CLANG_WARN_INT_CONVERSION = YES;
				CLANG_WARN_NON_LITERAL_NULL_CONVERSION = YES;
				CLANG_WARN_OBJC_IMPLICIT_RETAIN_SELF = YES;
				CLANG_WARN_OBJC_LITERAL_CONVERSION = YES;
				CLANG_WARN_OBJC_ROOT_CLASS = YES_ERROR;
				CLANG_WARN_QUOTED_INCLUDE_IN_FRAMEWORK_HEADER = YES;
				CLANG_WARN_RANGE_LOOP_ANALYSIS = YES;
				CLANG_WARN_STRICT_PROTOTYPES = YES;
				CLANG_WARN_SUSPICIOUS_MOVE = YES;
				CLANG_WARN_UNGUARDED_AVAILABILITY = YES_AGGRESSIVE;
				CLANG_WARN_UNREACHABLE_CODE = YES;
				CLANG_WARN__DUPLICATE_METHOD_MATCH = YES;
				COPY_PHASE_STRIP = NO;
				DEBUG_INFORMATION_FORMAT = "dwarf-with-dsym";
				ENABLE_NS_ASSERTIONS = NO;
				ENABLE_STRICT_OBJC_MSGSEND = YES;
				GCC_C_LANGUAGE_STANDARD = gnu11;
				GCC_NO_COMMON_BLOCKS = YES;
				GCC_WARN_64_TO_32_BIT_CONVERSION = YES;
				GCC_WARN_ABOUT_RETURN_TYPE = YES_ERROR;
				GCC_WARN_UNDECLARED_SELECTOR = YES;
				GCC_WARN_UNINITIALIZED_AUTOS = YES_AGGRESSIVE;
				GCC_WARN_UNUSED_FUNCTION = YES;
				GCC_WARN_UNUSED_VARIABLE = YES;
				IPHONEOS_DEPLOYMENT_TARGET = 13.0;
				MTL_ENABLE_DEBUG_INFO = NO;
				MTL_FAST_MATH = YES;
				SDKROOT = iphoneos;
				SWIFT_COMPILATION_MODE = wholemodule;
				SWIFT_OPTIMIZATION_LEVEL = "-O";
				VALIDATE_PRODUCT = YES;
			};
			name = Release;
		};
		480F517F2596396D00F36F16 /* Debug */ = {
			isa = XCBuildConfiguration;
			buildSettings = {
				ASSETCATALOG_COMPILER_APPICON_NAME = AppIcon;
				ASSETCATALOG_COMPILER_GLOBAL_ACCENT_COLOR_NAME = AccentColor;
				CODE_SIGN_STYLE = Automatic;
				DEVELOPMENT_TEAM = WV2V35LW7D;
				INFOPLIST_FILE = Cats/Info.plist;
				IPHONEOS_DEPLOYMENT_TARGET = 13.0;
				LD_RUNPATH_SEARCH_PATHS = (
					"$(inherited)",
					"@executable_path/Frameworks",
				);
				PRODUCT_BUNDLE_IDENTIFIER = com.alialjoubory.Cats;
				PRODUCT_NAME = "$(TARGET_NAME)";
				SWIFT_VERSION = 5.0;
				TARGETED_DEVICE_FAMILY = "1,2";
			};
			name = Debug;
		};
		480F51802596396D00F36F16 /* Release */ = {
			isa = XCBuildConfiguration;
			buildSettings = {
				ASSETCATALOG_COMPILER_APPICON_NAME = AppIcon;
				ASSETCATALOG_COMPILER_GLOBAL_ACCENT_COLOR_NAME = AccentColor;
				CODE_SIGN_STYLE = Automatic;
				DEVELOPMENT_TEAM = WV2V35LW7D;
				INFOPLIST_FILE = Cats/Info.plist;
				IPHONEOS_DEPLOYMENT_TARGET = 13.0;
				LD_RUNPATH_SEARCH_PATHS = (
					"$(inherited)",
					"@executable_path/Frameworks",
				);
				PRODUCT_BUNDLE_IDENTIFIER = com.alialjoubory.Cats;
				PRODUCT_NAME = "$(TARGET_NAME)";
				SWIFT_VERSION = 5.0;
				TARGETED_DEVICE_FAMILY = "1,2";
			};
			name = Release;
		};
		480F51822596396D00F36F16 /* Debug */ = {
			isa = XCBuildConfiguration;
			buildSettings = {
				ALWAYS_EMBED_SWIFT_STANDARD_LIBRARIES = YES;
				BUNDLE_LOADER = "$(TEST_HOST)";
				CODE_SIGN_STYLE = Automatic;
				DEVELOPMENT_TEAM = WV2V35LW7D;
				INFOPLIST_FILE = CatsTests/Info.plist;
				IPHONEOS_DEPLOYMENT_TARGET = 14.3;
				LD_RUNPATH_SEARCH_PATHS = (
					"$(inherited)",
					"@executable_path/Frameworks",
					"@loader_path/Frameworks",
				);
				PRODUCT_BUNDLE_IDENTIFIER = com.alialjoubory.CatsTests;
				PRODUCT_NAME = "$(TARGET_NAME)";
				SWIFT_VERSION = 5.0;
				TARGETED_DEVICE_FAMILY = "1,2";
				TEST_HOST = "$(BUILT_PRODUCTS_DIR)/Cats.app/Cats";
			};
			name = Debug;
		};
		480F51832596396D00F36F16 /* Release */ = {
			isa = XCBuildConfiguration;
			buildSettings = {
				ALWAYS_EMBED_SWIFT_STANDARD_LIBRARIES = YES;
				BUNDLE_LOADER = "$(TEST_HOST)";
				CODE_SIGN_STYLE = Automatic;
				DEVELOPMENT_TEAM = WV2V35LW7D;
				INFOPLIST_FILE = CatsTests/Info.plist;
				IPHONEOS_DEPLOYMENT_TARGET = 14.3;
				LD_RUNPATH_SEARCH_PATHS = (
					"$(inherited)",
					"@executable_path/Frameworks",
					"@loader_path/Frameworks",
				);
				PRODUCT_BUNDLE_IDENTIFIER = com.alialjoubory.CatsTests;
				PRODUCT_NAME = "$(TARGET_NAME)";
				SWIFT_VERSION = 5.0;
				TARGETED_DEVICE_FAMILY = "1,2";
				TEST_HOST = "$(BUILT_PRODUCTS_DIR)/Cats.app/Cats";
			};
			name = Release;
		};
		480F51852596396D00F36F16 /* Debug */ = {
			isa = XCBuildConfiguration;
			buildSettings = {
				ALWAYS_EMBED_SWIFT_STANDARD_LIBRARIES = YES;
				CODE_SIGN_STYLE = Automatic;
				DEVELOPMENT_TEAM = WV2V35LW7D;
				INFOPLIST_FILE = CatsUITests/Info.plist;
				LD_RUNPATH_SEARCH_PATHS = (
					"$(inherited)",
					"@executable_path/Frameworks",
					"@loader_path/Frameworks",
				);
				PRODUCT_BUNDLE_IDENTIFIER = com.alialjoubory.CatsUITests;
				PRODUCT_NAME = "$(TARGET_NAME)";
				SWIFT_VERSION = 5.0;
				TARGETED_DEVICE_FAMILY = "1,2";
				TEST_TARGET_NAME = Cats;
			};
			name = Debug;
		};
		480F51862596396D00F36F16 /* Release */ = {
			isa = XCBuildConfiguration;
			buildSettings = {
				ALWAYS_EMBED_SWIFT_STANDARD_LIBRARIES = YES;
				CODE_SIGN_STYLE = Automatic;
				DEVELOPMENT_TEAM = WV2V35LW7D;
				INFOPLIST_FILE = CatsUITests/Info.plist;
				LD_RUNPATH_SEARCH_PATHS = (
					"$(inherited)",
					"@executable_path/Frameworks",
					"@loader_path/Frameworks",
				);
				PRODUCT_BUNDLE_IDENTIFIER = com.alialjoubory.CatsUITests;
				PRODUCT_NAME = "$(TARGET_NAME)";
				SWIFT_VERSION = 5.0;
				TARGETED_DEVICE_FAMILY = "1,2";
				TEST_TARGET_NAME = Cats;
			};
			name = Release;
		};
/* End XCBuildConfiguration section */

/* Begin XCConfigurationList section */
		480F514F2596395F00F36F16 /* Build configuration list for PBXProject "Cats" */ = {
			isa = XCConfigurationList;
			buildConfigurations = (
				480F517C2596396D00F36F16 /* Debug */,
				480F517D2596396D00F36F16 /* Release */,
			);
			defaultConfigurationIsVisible = 0;
			defaultConfigurationName = Release;
		};
		480F517E2596396D00F36F16 /* Build configuration list for PBXNativeTarget "Cats" */ = {
			isa = XCConfigurationList;
			buildConfigurations = (
				480F517F2596396D00F36F16 /* Debug */,
				480F51802596396D00F36F16 /* Release */,
			);
			defaultConfigurationIsVisible = 0;
			defaultConfigurationName = Release;
		};
		480F51812596396D00F36F16 /* Build configuration list for PBXNativeTarget "CatsTests" */ = {
			isa = XCConfigurationList;
			buildConfigurations = (
				480F51822596396D00F36F16 /* Debug */,
				480F51832596396D00F36F16 /* Release */,
			);
			defaultConfigurationIsVisible = 0;
			defaultConfigurationName = Release;
		};
		480F51842596396D00F36F16 /* Build configuration list for PBXNativeTarget "CatsUITests" */ = {
			isa = XCConfigurationList;
			buildConfigurations = (
				480F51852596396D00F36F16 /* Debug */,
				480F51862596396D00F36F16 /* Release */,
			);
			defaultConfigurationIsVisible = 0;
			defaultConfigurationName = Release;
		};
/* End XCConfigurationList section */
	};
	rootObject = 480F514C2596395F00F36F16 /* Project object */;
}
